
Microsoft Visual Studio Solution File, Format Version 12.00
# Visual Studio Version 17
VisualStudioVersion = 17.4.33122.133
MinimumVisualStudioVersion = 10.0.40219.1
Project("{9A19103F-16F7-4668-BE54-9A1E7A4F7556}") = "TinyOPDSCore", "TinyOPDSCore.csproj", "{E8379ADF-AEF6-44EC-AEC6-61B30080F832}"
EndProject
Project("{9A19103F-16F7-4668-BE54-9A1E7A4F7556}") = "TestProject1", "..\TestProject1\TestProject1.csproj", "{415E475B-AAB0-43E2-93D5-D35BC824107D}"
EndProject
Global
	GlobalSection(SolutionConfigurationPlatforms) = preSolution
		Debug|Any CPU = Debug|Any CPU
		Release|Any CPU = Release|Any CPU
	EndGlobalSection
	GlobalSection(ProjectConfigurationPlatforms) = postSolution
		{E8379ADF-AEF6-44EC-AEC6-61B30080F832}.Debug|Any CPU.ActiveCfg = Release|Any CPU
		{E8379ADF-AEF6-44EC-AEC6-61B30080F832}.Debug|Any CPU.Build.0 = Release|Any CPU
		{E8379ADF-AEF6-44EC-AEC6-61B30080F832}.Release|Any CPU.ActiveCfg = Release|Any CPU
		{E8379ADF-AEF6-44EC-AEC6-61B30080F832}.Release|Any CPU.Build.0 = Release|Any CPU
		{415E475B-AAB0-43E2-93D5-D35BC824107D}.Debug|Any CPU.ActiveCfg = Release|Any CPU
		{415E475B-AAB0-43E2-93D5-D35BC824107D}.Debug|Any CPU.Build.0 = Release|Any CPU
		{415E475B-AAB0-43E2-93D5-D35BC824107D}.Release|Any CPU.ActiveCfg = Release|Any CPU
		{415E475B-AAB0-43E2-93D5-D35BC824107D}.Release|Any CPU.Build.0 = Release|Any CPU
	EndGlobalSection
	GlobalSection(SolutionProperties) = preSolution
		HideSolutionNode = FALSE
	EndGlobalSection
	GlobalSection(ExtensibilityGlobals) = postSolution
		SolutionGuid = {6E0AB6D3-7567-42DF-9131-8FB306C88906}
	EndGlobalSection
EndGlobal
